
Microsoft Visual Studio Solution File, Format Version 12.00
# Visual Studio Version 17
VisualStudioVersion = 17.11.35222.181
MinimumVisualStudioVersion = 10.0.40219.1
Project("{FAE04EC0-301F-11D3-BF4B-00C04F79EFBC}") = "SejlklubGruppe2", "SejlklubGruppe2\SejlklubGruppe2.csproj", "{2C484359-A891-4B06-AA81-0E7D9CF608D8}"
EndProject
Project("{FAE04EC0-301F-11D3-BF4B-00C04F79EFBC}") = "ClassLibrary", "ClassLibrary\ClassLibrary.csproj", "{90267EC3-3E09-4DEA-91DA-2D00063B1964}"
EndProject
Project("{FAE04EC0-301F-11D3-BF4B-00C04F79EFBC}") = "SejlklubRazor", "SejlklubRazor\SejlklubRazor.csproj", "{6440A218-55C8-470A-A75E-E5D89713AC6E}"
EndProject
Global
	GlobalSection(SolutionConfigurationPlatforms) = preSolution
		Debug|Any CPU = Debug|Any CPU
		Release|Any CPU = Release|Any CPU
	EndGlobalSection
	GlobalSection(ProjectConfigurationPlatforms) = postSolution
		{2C484359-A891-4B06-AA81-0E7D9CF608D8}.Debug|Any CPU.ActiveCfg = Debug|Any CPU
		{2C484359-A891-4B06-AA81-0E7D9CF608D8}.Debug|Any CPU.Build.0 = Debug|Any CPU
		{2C484359-A891-4B06-AA81-0E7D9CF608D8}.Release|Any CPU.ActiveCfg = Release|Any CPU
		{2C484359-A891-4B06-AA81-0E7D9CF608D8}.Release|Any CPU.Build.0 = Release|Any CPU
		{90267EC3-3E09-4DEA-91DA-2D00063B1964}.Debug|Any CPU.ActiveCfg = Debug|Any CPU
		{90267EC3-3E09-4DEA-91DA-2D00063B1964}.Debug|Any CPU.Build.0 = Debug|Any CPU
		{90267EC3-3E09-4DEA-91DA-2D00063B1964}.Release|Any CPU.ActiveCfg = Release|Any CPU
		{90267EC3-3E09-4DEA-91DA-2D00063B1964}.Release|Any CPU.Build.0 = Release|Any CPU
		{6440A218-55C8-470A-A75E-E5D89713AC6E}.Debug|Any CPU.ActiveCfg = Debug|Any CPU
		{6440A218-55C8-470A-A75E-E5D89713AC6E}.Debug|Any CPU.Build.0 = Debug|Any CPU
		{6440A218-55C8-470A-A75E-E5D89713AC6E}.Release|Any CPU.ActiveCfg = Release|Any CPU
		{6440A218-55C8-470A-A75E-E5D89713AC6E}.Release|Any CPU.Build.0 = Release|Any CPU
	EndGlobalSection
	GlobalSection(SolutionProperties) = preSolution
		HideSolutionNode = FALSE
	EndGlobalSection
	GlobalSection(ExtensibilityGlobals) = postSolution
		SolutionGuid = {FCD5ACAD-AAB3-4173-90B1-02D6AE8A8D99}
	EndGlobalSection
EndGlobal
